
Microsoft Visual Studio Solution File, Format Version 12.00
# Visual Studio Version 16
VisualStudioVersion = 16.0.30523.141
MinimumVisualStudioVersion = 10.0.40219.1
Project("{FAE04EC0-301F-11D3-BF4B-00C04F79EFBC}") = "OrderDetails", "OrderDetails.csproj", "{5FAE6851-146E-4F8D-A52D-49EA90FCBAFD}"
EndProject
Global
	GlobalSection(SolutionConfigurationPlatforms) = preSolution
		Debug|Any CPU = Debug|Any CPU
		Release|Any CPU = Release|Any CPU
	EndGlobalSection
	GlobalSection(ProjectConfigurationPlatforms) = postSolution
		{5FAE6851-146E-4F8D-A52D-49EA90FCBAFD}.Debug|Any CPU.ActiveCfg = Debug|Any CPU
		{5FAE6851-146E-4F8D-A52D-49EA90FCBAFD}.Debug|Any CPU.Build.0 = Debug|Any CPU
		{5FAE6851-146E-4F8D-A52D-49EA90FCBAFD}.Release|Any CPU.ActiveCfg = Release|Any CPU
		{5FAE6851-146E-4F8D-A52D-49EA90FCBAFD}.Release|Any CPU.Build.0 = Release|Any CPU
	EndGlobalSection
	GlobalSection(SolutionProperties) = preSolution
		HideSolutionNode = FALSE
	EndGlobalSection
	GlobalSection(ExtensibilityGlobals) = postSolution
		SolutionGuid = {42D16808-1136-494C-AE8D-152C21298788}
	EndGlobalSection
EndGlobal
